
Microsoft Visual Studio Solution File, Format Version 12.00
# Visual Studio 14
VisualStudioVersion = 14.0.24720.0
MinimumVisualStudioVersion = 10.0.40219.1
Project("{FAE04EC0-301F-11D3-BF4B-00C04F79EFBC}") = "BeMyBrain_Teste", "BeMyBrain_Teste\BeMyBrain_Teste.csproj", "{4D2E7696-0CA6-476D-BAF4-4A401918EB8F}"
EndProject
Project("{FAE04EC0-301F-11D3-BF4B-00C04F79EFBC}") = "Entidades", "Entidades\Entidades.csproj", "{1C3BBEAF-8467-479E-9C21-F16A3A65A719}"
EndProject
Global
	GlobalSection(SolutionConfigurationPlatforms) = preSolution
		Debug|Any CPU = Debug|Any CPU
		Release|Any CPU = Release|Any CPU
	EndGlobalSection
	GlobalSection(ProjectConfigurationPlatforms) = postSolution
		{4D2E7696-0CA6-476D-BAF4-4A401918EB8F}.Debug|Any CPU.ActiveCfg = Debug|Any CPU
		{4D2E7696-0CA6-476D-BAF4-4A401918EB8F}.Debug|Any CPU.Build.0 = Debug|Any CPU
		{4D2E7696-0CA6-476D-BAF4-4A401918EB8F}.Release|Any CPU.ActiveCfg = Release|Any CPU
		{4D2E7696-0CA6-476D-BAF4-4A401918EB8F}.Release|Any CPU.Build.0 = Release|Any CPU
		{1C3BBEAF-8467-479E-9C21-F16A3A65A719}.Debug|Any CPU.ActiveCfg = Debug|Any CPU
		{1C3BBEAF-8467-479E-9C21-F16A3A65A719}.Debug|Any CPU.Build.0 = Debug|Any CPU
		{1C3BBEAF-8467-479E-9C21-F16A3A65A719}.Release|Any CPU.ActiveCfg = Release|Any CPU
		{1C3BBEAF-8467-479E-9C21-F16A3A65A719}.Release|Any CPU.Build.0 = Release|Any CPU
	EndGlobalSection
	GlobalSection(SolutionProperties) = preSolution
		HideSolutionNode = FALSE
	EndGlobalSection
EndGlobal
